// !$*UTF8*$!
{
	archiveVersion = 1;
	classes = {
	};
	objectVersion = 45;
	objects = {

/* Begin PBXBuildFile section */
		0308B7A71304643A0083D624 /* CoreGraphics.framework in Frameworks */ = {isa = PBXBuildFile; fileRef = 0308B7A61304643A0083D624 /* CoreGraphics.framework */; };
		0308B7C1130464460083D624 /* libz.dylib in Frameworks */ = {isa = PBXBuildFile; fileRef = 0308B7C0130464460083D624 /* libz.dylib */; };
		0308B7CF1304661E0083D624 /* stars.pex in Resources */ = {isa = PBXBuildFile; fileRef = 0308B7CE1304661E0083D624 /* stars.pex */; };
		0308B838130554870083D624 /* sysconfig in Resources */ = {isa = PBXBuildFile; fileRef = 0308B837130554870083D624 /* sysconfig */; };
		034372FE1308370700925536 /* atlas_quad.c in Sources */ = {isa = PBXBuildFile; fileRef = 034372B41308370700925536 /* atlas_quad.c */; };
		034372FF1308370700925536 /* audio.m in Sources */ = {isa = PBXBuildFile; fileRef = 034372B71308370700925536 /* audio.m */; };
		034373001308370700925536 /* bm_font.c in Sources */ = {isa = PBXBuildFile; fileRef = 034372B81308370700925536 /* bm_font.c */; };
		034373011308370700925536 /* elite.c in Sources */ = {isa = PBXBuildFile; fileRef = 034372BA1308370700925536 /* elite.c */; };
		034373021308370700925536 /* CDAudioManager.m in Sources */ = {isa = PBXBuildFile; fileRef = 034372BF1308370700925536 /* CDAudioManager.m */; };
		034373031308370700925536 /* CDOpenALSupport.m in Sources */ = {isa = PBXBuildFile; fileRef = 034372C21308370700925536 /* CDOpenALSupport.m */; };
		034373041308370700925536 /* CocosDenshion.m in Sources */ = {isa = PBXBuildFile; fileRef = 034372C41308370700925536 /* CocosDenshion.m */; };
		034373051308370700925536 /* SimpleAudioEngine.m in Sources */ = {isa = PBXBuildFile; fileRef = 034372C61308370700925536 /* SimpleAudioEngine.m */; };
		034373061308370700925536 /* OBJCTexture2D.m in Sources */ = {isa = PBXBuildFile; fileRef = 034372CA1308370700925536 /* OBJCTexture2D.m */; };
		034373071308370700925536 /* ParticleEmitter.m in Sources */ = {isa = PBXBuildFile; fileRef = 034372CC1308370700925536 /* ParticleEmitter.m */; };
		034373081308370700925536 /* NSDataAdditions.m in Sources */ = {isa = PBXBuildFile; fileRef = 034372D01308370700925536 /* NSDataAdditions.m */; };
		034373091308370700925536 /* TBXML.m in Sources */ = {isa = PBXBuildFile; fileRef = 034372D21308370700925536 /* TBXML.m */; };
		0343730A1308370700925536 /* TBXMLParticleAdditions.m in Sources */ = {isa = PBXBuildFile; fileRef = 034372D41308370700925536 /* TBXMLParticleAdditions.m */; };
		0343730B1308370700925536 /* WHATS_THIS in Resources */ = {isa = PBXBuildFile; fileRef = 034372D51308370700925536 /* WHATS_THIS */; };
		0343730C1308370700925536 /* image_DXT.mm in Sources */ = {isa = PBXBuildFile; fileRef = 034372D81308370700925536 /* image_DXT.mm */; };
		0343730D1308370700925536 /* image_helper.mm in Sources */ = {isa = PBXBuildFile; fileRef = 034372DA1308370700925536 /* image_helper.mm */; };
		0343730E1308370700925536 /* SOIL.mm in Sources */ = {isa = PBXBuildFile; fileRef = 034372DC1308370700925536 /* SOIL.mm */; };
		0343730F1308370700925536 /* stb_image_aug.mm in Sources */ = {isa = PBXBuildFile; fileRef = 034372DE1308370700925536 /* stb_image_aug.mm */; };
		034373101308370700925536 /* font.c in Sources */ = {isa = PBXBuildFile; fileRef = 034372E11308370700925536 /* font.c */; };
		034373111308370700925536 /* game.c in Sources */ = {isa = PBXBuildFile; fileRef = 034372E31308370700925536 /* game.c */; };
		034373121308370700925536 /* hash.c in Sources */ = {isa = PBXBuildFile; fileRef = 034372E51308370700925536 /* hash.c */; };
		034373131308370700925536 /* input.c in Sources */ = {isa = PBXBuildFile; fileRef = 034372E71308370700925536 /* input.c */; };
		034373141308370700925536 /* particle_emitter.m in Sources */ = {isa = PBXBuildFile; fileRef = 034372EB1308370700925536 /* particle_emitter.m */; };
		034373151308370700925536 /* quad.c in Sources */ = {isa = PBXBuildFile; fileRef = 034372EC1308370700925536 /* quad.c */; };
		034373161308370700925536 /* renderer.c in Sources */ = {isa = PBXBuildFile; fileRef = 034372EE1308370700925536 /* renderer.c */; };
		034373171308370700925536 /* renderinfo.c in Sources */ = {isa = PBXBuildFile; fileRef = 034372F01308370700925536 /* renderinfo.c */; };
		034373181308370700925536 /* scene.c in Sources */ = {isa = PBXBuildFile; fileRef = 034372F21308370700925536 /* scene.c */; };
		034373191308370700925536 /* sys_config.c in Sources */ = {isa = PBXBuildFile; fileRef = 034372F41308370700925536 /* sys_config.c */; };
		0343731A1308370700925536 /* texture.c in Sources */ = {isa = PBXBuildFile; fileRef = 034372F61308370700925536 /* texture.c */; };
		0343731B1308370700925536 /* timer.c in Sources */ = {isa = PBXBuildFile; fileRef = 034372F81308370700925536 /* timer.c */; };
		0343731C1308370700925536 /* util.m in Sources */ = {isa = PBXBuildFile; fileRef = 034372FB1308370700925536 /* util.m */; };
		0343731D1308370700925536 /* vec2d.c in Sources */ = {isa = PBXBuildFile; fileRef = 034372FC1308370700925536 /* vec2d.c */; };
		034374EB1308545500925536 /* cool.pex in Resources */ = {isa = PBXBuildFile; fileRef = 034374EA1308545500925536 /* cool.pex */; };
		034374F4130854A300925536 /* vortex.pex in Resources */ = {isa = PBXBuildFile; fileRef = 034374F3130854A300925536 /* vortex.pex */; };
		034375241308556C00925536 /* tss.pex in Resources */ = {isa = PBXBuildFile; fileRef = 034375231308556C00925536 /* tss.pex */; };
		0343755013095CFB00925536 /* component.c in Sources */ = {isa = PBXBuildFile; fileRef = 0343754F13095CFB00925536 /* component.c */; };
		0343755313095D1500925536 /* entity.c in Sources */ = {isa = PBXBuildFile; fileRef = 0343755213095D1500925536 /* entity.c */; };
		0343755613095D2D00925536 /* entity_manager.c in Sources */ = {isa = PBXBuildFile; fileRef = 0343755513095D2D00925536 /* entity_manager.c */; };
		034375D31309702300925536 /* render_system.c in Sources */ = {isa = PBXBuildFile; fileRef = 034375D21309702300925536 /* render_system.c */; };
		034375DA1309712F00925536 /* comp_renderable.c in Sources */ = {isa = PBXBuildFile; fileRef = 034375D91309712F00925536 /* comp_renderable.c */; };
		0343766D130981E600925536 /* comp_position.c in Sources */ = {isa = PBXBuildFile; fileRef = 0343766C130981E600925536 /* comp_position.c */; };
		0343784E13099A4F00925536 /* particle_system.c in Sources */ = {isa = PBXBuildFile; fileRef = 0343784D13099A4F00925536 /* particle_system.c */; };
		03437960130A814500925536 /* garbage_system.c in Sources */ = {isa = PBXBuildFile; fileRef = 0343795F130A814500925536 /* garbage_system.c */; };
		0349A7FE1307FB9700411EA7 /* OpenAL.framework in Frameworks */ = {isa = PBXBuildFile; fileRef = 0349A7FD1307FB9700411EA7 /* OpenAL.framework */; };
		0349A8021307FBA500411EA7 /* AudioToolbox.framework in Frameworks */ = {isa = PBXBuildFile; fileRef = 0349A8011307FBA500411EA7 /* AudioToolbox.framework */; };
		0349A8061307FBA500411EA7 /* AVFoundation.framework in Frameworks */ = {isa = PBXBuildFile; fileRef = 0349A8051307FBA500411EA7 /* AVFoundation.framework */; };
		0349A8E213080A9000411EA7 /* music.mp3 in Resources */ = {isa = PBXBuildFile; fileRef = 0349A8E113080A9000411EA7 /* music.mp3 */; };
		0349A8E913080AAA00411EA7 /* click.mp3 in Resources */ = {isa = PBXBuildFile; fileRef = 0349A8E813080AAA00411EA7 /* click.mp3 */; };
		0349A9CD13081A8100411EA7 /* menu_scene.c in Sources */ = {isa = PBXBuildFile; fileRef = 0349A9C913081A8100411EA7 /* menu_scene.c */; };
		0349A9CE13081A8100411EA7 /* startup_scene.c in Sources */ = {isa = PBXBuildFile; fileRef = 0349A9CB13081A8100411EA7 /* startup_scene.c */; };
		034D2E5B1301CB84004A32A0 /* c4ViewController.xib in Resources */ = {isa = PBXBuildFile; fileRef = 034D2E571301CB84004A32A0 /* c4ViewController.xib */; };
		034D2E5C1301CB84004A32A0 /* MainWindow.xib in Resources */ = {isa = PBXBuildFile; fileRef = 034D2E581301CB84004A32A0 /* MainWindow.xib */; };
		034D2E5D1301CB84004A32A0 /* menu_back.png in Resources */ = {isa = PBXBuildFile; fileRef = 034D2E591301CB84004A32A0 /* menu_back.png */; };
		034D2E5E1301CB84004A32A0 /* minyx_bw.png in Resources */ = {isa = PBXBuildFile; fileRef = 034D2E5A1301CB84004A32A0 /* minyx_bw.png */; };
		038A8256130BCA9100A4D4F0 /* le_pause_scene.c in Sources */ = {isa = PBXBuildFile; fileRef = 038A8255130BCA9100A4D4F0 /* le_pause_scene.c */; };
		0397C9921301CBD600FCB95C /* README in Resources */ = {isa = PBXBuildFile; fileRef = 0397C9911301CBD600FCB95C /* README */; };
		0397C9D2130299AE00FCB95C /* bubbles.png in Resources */ = {isa = PBXBuildFile; fileRef = 0397C9D1130299AE00FCB95C /* bubbles.png */; };
		0397CA331302A07E00FCB95C /* impact20_0.png in Resources */ = {isa = PBXBuildFile; fileRef = 0397CA311302A07E00FCB95C /* impact20_0.png */; };
		0397CA341302A07E00FCB95C /* impact20.fnt in Resources */ = {isa = PBXBuildFile; fileRef = 0397CA321302A07E00FCB95C /* impact20.fnt */; };
		03A2593C1302B7FE00C30AEE /* TODO in Resources */ = {isa = PBXBuildFile; fileRef = 03A2593B1302B7FE00C30AEE /* TODO */; };
		1D3623260D0F684500981E51 /* c4AppDelegate.m in Sources */ = {isa = PBXBuildFile; fileRef = 1D3623250D0F684500981E51 /* c4AppDelegate.m */; };
		1D60589B0D05DD56006BFB54 /* main.m in Sources */ = {isa = PBXBuildFile; fileRef = 29B97316FDCFA39411CA2CEA /* main.m */; };
		1D60589F0D05DD5A006BFB54 /* Foundation.framework in Frameworks */ = {isa = PBXBuildFile; fileRef = 1D30AB110D05D00D00671497 /* Foundation.framework */; };
		1DF5F4E00D08C38300B7A737 /* UIKit.framework in Frameworks */ = {isa = PBXBuildFile; fileRef = 1DF5F4DF0D08C38300B7A737 /* UIKit.framework */; };
		2514C27B10084DCA00A42282 /* Shader.fsh in Resources */ = {isa = PBXBuildFile; fileRef = 2514C27910084DCA00A42282 /* Shader.fsh */; };
		2514C27C10084DCA00A42282 /* Shader.vsh in Resources */ = {isa = PBXBuildFile; fileRef = 2514C27A10084DCA00A42282 /* Shader.vsh */; };
		28EC4C5911D54ECE0027AA9F /* c4ViewController.m in Sources */ = {isa = PBXBuildFile; fileRef = 28EC4C5711D54ECE0027AA9F /* c4ViewController.m */; };
		28FD14FE0DC6FC130079059D /* EAGLView.m in Sources */ = {isa = PBXBuildFile; fileRef = 28FD14FD0DC6FC130079059D /* EAGLView.m */; };
		28FD15000DC6FC520079059D /* OpenGLES.framework in Frameworks */ = {isa = PBXBuildFile; fileRef = 28FD14FF0DC6FC520079059D /* OpenGLES.framework */; };
		28FD15080DC6FC5B0079059D /* QuartzCore.framework in Frameworks */ = {isa = PBXBuildFile; fileRef = 28FD15070DC6FC5B0079059D /* QuartzCore.framework */; };
/* End PBXBuildFile section */

/* Begin PBXFileReference section */
		0308B7A61304643A0083D624 /* CoreGraphics.framework */ = {isa = PBXFileReference; lastKnownFileType = wrapper.framework; name = CoreGraphics.framework; path = System/Library/Frameworks/CoreGraphics.framework; sourceTree = SDKROOT; };
		0308B7C0130464460083D624 /* libz.dylib */ = {isa = PBXFileReference; lastKnownFileType = "compiled.mach-o.dylib"; name = libz.dylib; path = usr/lib/libz.dylib; sourceTree = SDKROOT; };
		0308B7CE1304661E0083D624 /* stars.pex */ = {isa = PBXFileReference; fileEncoding = 4; lastKnownFileType = text; path = stars.pex; sourceTree = "<group>"; };
		0308B837130554870083D624 /* sysconfig */ = {isa = PBXFileReference; fileEncoding = 4; lastKnownFileType = text; path = sysconfig; sourceTree = "<group>"; };
		034372B41308370700925536 /* atlas_quad.c */ = {isa = PBXFileReference; fileEncoding = 4; lastKnownFileType = sourcecode.c.c; path = atlas_quad.c; sourceTree = "<group>"; };
		034372B51308370700925536 /* atlas_quad.h */ = {isa = PBXFileReference; fileEncoding = 4; lastKnownFileType = sourcecode.c.h; path = atlas_quad.h; sourceTree = "<group>"; };
		034372B61308370700925536 /* audio.h */ = {isa = PBXFileReference; fileEncoding = 4; lastKnownFileType = sourcecode.c.h; path = audio.h; sourceTree = "<group>"; };
		034372B71308370700925536 /* audio.m */ = {isa = PBXFileReference; fileEncoding = 4; lastKnownFileType = sourcecode.c.objc; path = audio.m; sourceTree = "<group>"; };
		034372B81308370700925536 /* bm_font.c */ = {isa = PBXFileReference; fileEncoding = 4; lastKnownFileType = sourcecode.c.c; path = bm_font.c; sourceTree = "<group>"; };
		034372B91308370700925536 /* bm_font.h */ = {isa = PBXFileReference; fileEncoding = 4; lastKnownFileType = sourcecode.c.h; path = bm_font.h; sourceTree = "<group>"; };
		034372BA1308370700925536 /* elite.c */ = {isa = PBXFileReference; fileEncoding = 4; lastKnownFileType = sourcecode.c.c; path = elite.c; sourceTree = "<group>"; };
		034372BB1308370700925536 /* elite.h */ = {isa = PBXFileReference; fileEncoding = 4; lastKnownFileType = sourcecode.c.h; path = elite.h; sourceTree = "<group>"; };
		034372BE1308370700925536 /* CDAudioManager.h */ = {isa = PBXFileReference; fileEncoding = 4; lastKnownFileType = sourcecode.c.h; path = CDAudioManager.h; sourceTree = "<group>"; };
		034372BF1308370700925536 /* CDAudioManager.m */ = {isa = PBXFileReference; fileEncoding = 4; lastKnownFileType = sourcecode.c.objc; path = CDAudioManager.m; sourceTree = "<group>"; };
		034372C01308370700925536 /* CDConfig.h */ = {isa = PBXFileReference; fileEncoding = 4; lastKnownFileType = sourcecode.c.h; path = CDConfig.h; sourceTree = "<group>"; };
		034372C11308370700925536 /* CDOpenALSupport.h */ = {isa = PBXFileReference; fileEncoding = 4; lastKnownFileType = sourcecode.c.h; path = CDOpenALSupport.h; sourceTree = "<group>"; };
		034372C21308370700925536 /* CDOpenALSupport.m */ = {isa = PBXFileReference; fileEncoding = 4; lastKnownFileType = sourcecode.c.objc; path = CDOpenALSupport.m; sourceTree = "<group>"; };
		034372C31308370700925536 /* CocosDenshion.h */ = {isa = PBXFileReference; fileEncoding = 4; lastKnownFileType = sourcecode.c.h; path = CocosDenshion.h; sourceTree = "<group>"; };
		034372C41308370700925536 /* CocosDenshion.m */ = {isa = PBXFileReference; fileEncoding = 4; lastKnownFileType = sourcecode.c.objc; path = CocosDenshion.m; sourceTree = "<group>"; };
		034372C51308370700925536 /* SimpleAudioEngine.h */ = {isa = PBXFileReference; fileEncoding = 4; lastKnownFileType = sourcecode.c.h; path = SimpleAudioEngine.h; sourceTree = "<group>"; };
		034372C61308370700925536 /* SimpleAudioEngine.m */ = {isa = PBXFileReference; fileEncoding = 4; lastKnownFileType = sourcecode.c.objc; path = SimpleAudioEngine.m; sourceTree = "<group>"; };
		034372C81308370700925536 /* Global.h */ = {isa = PBXFileReference; fileEncoding = 4; lastKnownFileType = sourcecode.c.h; path = Global.h; sourceTree = "<group>"; };
		034372C91308370700925536 /* OBJCTexture2D.h */ = {isa = PBXFileReference; fileEncoding = 4; lastKnownFileType = sourcecode.c.h; path = OBJCTexture2D.h; sourceTree = "<group>"; };
		034372CA1308370700925536 /* OBJCTexture2D.m */ = {isa = PBXFileReference; fileEncoding = 4; lastKnownFileType = sourcecode.c.objc; path = OBJCTexture2D.m; sourceTree = "<group>"; };
		034372CB1308370700925536 /* ParticleEmitter.h */ = {isa = PBXFileReference; fileEncoding = 4; lastKnownFileType = sourcecode.c.h; path = ParticleEmitter.h; sourceTree = "<group>"; };
		034372CC1308370700925536 /* ParticleEmitter.m */ = {isa = PBXFileReference; fileEncoding = 4; lastKnownFileType = sourcecode.c.objc; path = ParticleEmitter.m; sourceTree = "<group>"; };
		034372CD1308370700925536 /* Structures.h */ = {isa = PBXFileReference; fileEncoding = 4; lastKnownFileType = sourcecode.c.h; path = Structures.h; sourceTree = "<group>"; };
		034372CF1308370700925536 /* NSDataAdditions.h */ = {isa = PBXFileReference; fileEncoding = 4; lastKnownFileType = sourcecode.c.h; path = NSDataAdditions.h; sourceTree = "<group>"; };
		034372D01308370700925536 /* NSDataAdditions.m */ = {isa = PBXFileReference; fileEncoding = 4; lastKnownFileType = sourcecode.c.objc; path = NSDataAdditions.m; sourceTree = "<group>"; };
		034372D11308370700925536 /* TBXML.h */ = {isa = PBXFileReference; fileEncoding = 4; lastKnownFileType = sourcecode.c.h; path = TBXML.h; sourceTree = "<group>"; };
		034372D21308370700925536 /* TBXML.m */ = {isa = PBXFileReference; fileEncoding = 4; lastKnownFileType = sourcecode.c.objc; path = TBXML.m; sourceTree = "<group>"; };
		034372D31308370700925536 /* TBXMLParticleAdditions.h */ = {isa = PBXFileReference; fileEncoding = 4; lastKnownFileType = sourcecode.c.h; path = TBXMLParticleAdditions.h; sourceTree = "<group>"; };
		034372D41308370700925536 /* TBXMLParticleAdditions.m */ = {isa = PBXFileReference; fileEncoding = 4; lastKnownFileType = sourcecode.c.objc; path = TBXMLParticleAdditions.m; sourceTree = "<group>"; };
		034372D51308370700925536 /* WHATS_THIS */ = {isa = PBXFileReference; fileEncoding = 4; lastKnownFileType = text; path = WHATS_THIS; sourceTree = "<group>"; };
		034372D71308370700925536 /* image_DXT.h */ = {isa = PBXFileReference; fileEncoding = 4; lastKnownFileType = sourcecode.c.h; path = image_DXT.h; sourceTree = "<group>"; };
		034372D81308370700925536 /* image_DXT.mm */ = {isa = PBXFileReference; fileEncoding = 4; lastKnownFileType = sourcecode.cpp.objcpp; path = image_DXT.mm; sourceTree = "<group>"; };
		034372D91308370700925536 /* image_helper.h */ = {isa = PBXFileReference; fileEncoding = 4; lastKnownFileType = sourcecode.c.h; path = image_helper.h; sourceTree = "<group>"; };
		034372DA1308370700925536 /* image_helper.mm */ = {isa = PBXFileReference; fileEncoding = 4; lastKnownFileType = sourcecode.cpp.objcpp; path = image_helper.mm; sourceTree = "<group>"; };
		034372DB1308370700925536 /* SOIL.h */ = {isa = PBXFileReference; fileEncoding = 4; lastKnownFileType = sourcecode.c.h; path = SOIL.h; sourceTree = "<group>"; };
		034372DC1308370700925536 /* SOIL.mm */ = {isa = PBXFileReference; fileEncoding = 4; lastKnownFileType = sourcecode.cpp.objcpp; path = SOIL.mm; sourceTree = "<group>"; };
		034372DD1308370700925536 /* stb_image_aug.h */ = {isa = PBXFileReference; fileEncoding = 4; lastKnownFileType = sourcecode.c.h; path = stb_image_aug.h; sourceTree = "<group>"; };
		034372DE1308370700925536 /* stb_image_aug.mm */ = {isa = PBXFileReference; fileEncoding = 4; lastKnownFileType = sourcecode.cpp.objcpp; path = stb_image_aug.mm; sourceTree = "<group>"; };
		034372DF1308370700925536 /* stbi_DDS_aug.h */ = {isa = PBXFileReference; fileEncoding = 4; lastKnownFileType = sourcecode.c.h; path = stbi_DDS_aug.h; sourceTree = "<group>"; };
		034372E01308370700925536 /* stbi_DDS_aug_c.h */ = {isa = PBXFileReference; fileEncoding = 4; lastKnownFileType = sourcecode.c.h; path = stbi_DDS_aug_c.h; sourceTree = "<group>"; };
		034372E11308370700925536 /* font.c */ = {isa = PBXFileReference; fileEncoding = 4; lastKnownFileType = sourcecode.c.c; path = font.c; sourceTree = "<group>"; };
		034372E21308370700925536 /* font.h */ = {isa = PBXFileReference; fileEncoding = 4; lastKnownFileType = sourcecode.c.h; path = font.h; sourceTree = "<group>"; };
		034372E31308370700925536 /* game.c */ = {isa = PBXFileReference; fileEncoding = 4; lastKnownFileType = sourcecode.c.c; path = game.c; sourceTree = "<group>"; };
		034372E41308370700925536 /* game.h */ = {isa = PBXFileReference; fileEncoding = 4; lastKnownFileType = sourcecode.c.h; path = game.h; sourceTree = "<group>"; };
		034372E51308370700925536 /* hash.c */ = {isa = PBXFileReference; fileEncoding = 4; lastKnownFileType = sourcecode.c.c; path = hash.c; sourceTree = "<group>"; };
		034372E61308370700925536 /* hash.h */ = {isa = PBXFileReference; fileEncoding = 4; lastKnownFileType = sourcecode.c.h; path = hash.h; sourceTree = "<group>"; };
		034372E71308370700925536 /* input.c */ = {isa = PBXFileReference; fileEncoding = 4; lastKnownFileType = sourcecode.c.c; path = input.c; sourceTree = "<group>"; };
		034372E81308370700925536 /* input.h */ = {isa = PBXFileReference; fileEncoding = 4; lastKnownFileType = sourcecode.c.h; path = input.h; sourceTree = "<group>"; };
		034372E91308370700925536 /* ogl.h */ = {isa = PBXFileReference; fileEncoding = 4; lastKnownFileType = sourcecode.c.h; path = ogl.h; sourceTree = "<group>"; };
		034372EA1308370700925536 /* particle_emitter.h */ = {isa = PBXFileReference; fileEncoding = 4; lastKnownFileType = sourcecode.c.h; path = particle_emitter.h; sourceTree = "<group>"; };
		034372EB1308370700925536 /* particle_emitter.m */ = {isa = PBXFileReference; fileEncoding = 4; lastKnownFileType = sourcecode.c.objc; path = particle_emitter.m; sourceTree = "<group>"; };
		034372EC1308370700925536 /* quad.c */ = {isa = PBXFileReference; fileEncoding = 4; lastKnownFileType = sourcecode.c.c; path = quad.c; sourceTree = "<group>"; };
		034372ED1308370700925536 /* quad.h */ = {isa = PBXFileReference; fileEncoding = 4; lastKnownFileType = sourcecode.c.h; path = quad.h; sourceTree = "<group>"; };
		034372EE1308370700925536 /* renderer.c */ = {isa = PBXFileReference; fileEncoding = 4; lastKnownFileType = sourcecode.c.c; path = renderer.c; sourceTree = "<group>"; };
		034372EF1308370700925536 /* renderer.h */ = {isa = PBXFileReference; fileEncoding = 4; lastKnownFileType = sourcecode.c.h; path = renderer.h; sourceTree = "<group>"; };
		034372F01308370700925536 /* renderinfo.c */ = {isa = PBXFileReference; fileEncoding = 4; lastKnownFileType = sourcecode.c.c; path = renderinfo.c; sourceTree = "<group>"; };
		034372F11308370700925536 /* renderinfo.h */ = {isa = PBXFileReference; fileEncoding = 4; lastKnownFileType = sourcecode.c.h; path = renderinfo.h; sourceTree = "<group>"; };
		034372F21308370700925536 /* scene.c */ = {isa = PBXFileReference; fileEncoding = 4; lastKnownFileType = sourcecode.c.c; path = scene.c; sourceTree = "<group>"; };
		034372F31308370700925536 /* scene.h */ = {isa = PBXFileReference; fileEncoding = 4; lastKnownFileType = sourcecode.c.h; path = scene.h; sourceTree = "<group>"; };
		034372F41308370700925536 /* sys_config.c */ = {isa = PBXFileReference; fileEncoding = 4; lastKnownFileType = sourcecode.c.c; path = sys_config.c; sourceTree = "<group>"; };
		034372F51308370700925536 /* sys_config.h */ = {isa = PBXFileReference; fileEncoding = 4; lastKnownFileType = sourcecode.c.h; path = sys_config.h; sourceTree = "<group>"; };
		034372F61308370700925536 /* texture.c */ = {isa = PBXFileReference; fileEncoding = 4; lastKnownFileType = sourcecode.c.c; path = texture.c; sourceTree = "<group>"; };
		034372F71308370700925536 /* texture.h */ = {isa = PBXFileReference; fileEncoding = 4; lastKnownFileType = sourcecode.c.h; path = texture.h; sourceTree = "<group>"; };
		034372F81308370700925536 /* timer.c */ = {isa = PBXFileReference; fileEncoding = 4; lastKnownFileType = sourcecode.c.c; path = timer.c; sourceTree = "<group>"; };
		034372F91308370700925536 /* timer.h */ = {isa = PBXFileReference; fileEncoding = 4; lastKnownFileType = sourcecode.c.h; path = timer.h; sourceTree = "<group>"; };
		034372FA1308370700925536 /* util.h */ = {isa = PBXFileReference; fileEncoding = 4; lastKnownFileType = sourcecode.c.h; path = util.h; sourceTree = "<group>"; };
		034372FB1308370700925536 /* util.m */ = {isa = PBXFileReference; fileEncoding = 4; lastKnownFileType = sourcecode.c.objc; path = util.m; sourceTree = "<group>"; };
		034372FC1308370700925536 /* vec2d.c */ = {isa = PBXFileReference; fileEncoding = 4; lastKnownFileType = sourcecode.c.c; path = vec2d.c; sourceTree = "<group>"; };
		034372FD1308370700925536 /* vec2d.h */ = {isa = PBXFileReference; fileEncoding = 4; lastKnownFileType = sourcecode.c.h; path = vec2d.h; sourceTree = "<group>"; };
		034374EA1308545500925536 /* cool.pex */ = {isa = PBXFileReference; fileEncoding = 4; lastKnownFileType = text; path = cool.pex; sourceTree = "<group>"; };
		034374F3130854A300925536 /* vortex.pex */ = {isa = PBXFileReference; fileEncoding = 4; lastKnownFileType = text; path = vortex.pex; sourceTree = "<group>"; };
		034375231308556C00925536 /* tss.pex */ = {isa = PBXFileReference; fileEncoding = 4; lastKnownFileType = text; path = tss.pex; sourceTree = "<group>"; };
		0343754E13095CFB00925536 /* component.h */ = {isa = PBXFileReference; fileEncoding = 4; lastKnownFileType = sourcecode.c.h; path = component.h; sourceTree = "<group>"; };
		0343754F13095CFB00925536 /* component.c */ = {isa = PBXFileReference; fileEncoding = 4; lastKnownFileType = sourcecode.c.c; path = component.c; sourceTree = "<group>"; };
		0343755113095D1500925536 /* entity.h */ = {isa = PBXFileReference; fileEncoding = 4; lastKnownFileType = sourcecode.c.h; path = entity.h; sourceTree = "<group>"; };
		0343755213095D1500925536 /* entity.c */ = {isa = PBXFileReference; fileEncoding = 4; lastKnownFileType = sourcecode.c.c; path = entity.c; sourceTree = "<group>"; };
		0343755413095D2D00925536 /* entity_manager.h */ = {isa = PBXFileReference; fileEncoding = 4; lastKnownFileType = sourcecode.c.h; path = entity_manager.h; sourceTree = "<group>"; };
		0343755513095D2D00925536 /* entity_manager.c */ = {isa = PBXFileReference; fileEncoding = 4; lastKnownFileType = sourcecode.c.c; path = entity_manager.c; sourceTree = "<group>"; };
		0343755713095E2100925536 /* le_types.h */ = {isa = PBXFileReference; fileEncoding = 4; lastKnownFileType = sourcecode.c.h; path = le_types.h; sourceTree = "<group>"; };
		034375D11309702300925536 /* render_system.h */ = {isa = PBXFileReference; fileEncoding = 4; lastKnownFileType = sourcecode.c.h; path = render_system.h; sourceTree = "<group>"; };
		034375D21309702300925536 /* render_system.c */ = {isa = PBXFileReference; fileEncoding = 4; lastKnownFileType = sourcecode.c.c; path = render_system.c; sourceTree = "<group>"; };
		034375D81309712F00925536 /* comp_renderable.h */ = {isa = PBXFileReference; fileEncoding = 4; lastKnownFileType = sourcecode.c.h; path = comp_renderable.h; sourceTree = "<group>"; };
		034375D91309712F00925536 /* comp_renderable.c */ = {isa = PBXFileReference; fileEncoding = 4; lastKnownFileType = sourcecode.c.c; path = comp_renderable.c; sourceTree = "<group>"; };
		0343766B130981E600925536 /* comp_position.h */ = {isa = PBXFileReference; fileEncoding = 4; lastKnownFileType = sourcecode.c.h; path = comp_position.h; sourceTree = "<group>"; };
		0343766C130981E600925536 /* comp_position.c */ = {isa = PBXFileReference; fileEncoding = 4; lastKnownFileType = sourcecode.c.c; path = comp_position.c; sourceTree = "<group>"; };
		0343784C13099A4F00925536 /* particle_system.h */ = {isa = PBXFileReference; fileEncoding = 4; lastKnownFileType = sourcecode.c.h; path = particle_system.h; sourceTree = "<group>"; };
		0343784D13099A4F00925536 /* particle_system.c */ = {isa = PBXFileReference; fileEncoding = 4; lastKnownFileType = sourcecode.c.c; path = particle_system.c; sourceTree = "<group>"; };
		0343795E130A814500925536 /* garbage_system.h */ = {isa = PBXFileReference; fileEncoding = 4; lastKnownFileType = sourcecode.c.h; path = garbage_system.h; sourceTree = "<group>"; };
		0343795F130A814500925536 /* garbage_system.c */ = {isa = PBXFileReference; fileEncoding = 4; lastKnownFileType = sourcecode.c.c; path = garbage_system.c; sourceTree = "<group>"; };
		0349A7FD1307FB9700411EA7 /* OpenAL.framework */ = {isa = PBXFileReference; lastKnownFileType = wrapper.framework; name = OpenAL.framework; path = System/Library/Frameworks/OpenAL.framework; sourceTree = SDKROOT; };
		0349A8011307FBA500411EA7 /* AudioToolbox.framework */ = {isa = PBXFileReference; lastKnownFileType = wrapper.framework; name = AudioToolbox.framework; path = System/Library/Frameworks/AudioToolbox.framework; sourceTree = SDKROOT; };
		0349A8051307FBA500411EA7 /* AVFoundation.framework */ = {isa = PBXFileReference; lastKnownFileType = wrapper.framework; name = AVFoundation.framework; path = System/Library/Frameworks/AVFoundation.framework; sourceTree = SDKROOT; };
		0349A8E113080A9000411EA7 /* music.mp3 */ = {isa = PBXFileReference; lastKnownFileType = audio.mp3; path = music.mp3; sourceTree = "<group>"; };
		0349A8E813080AAA00411EA7 /* click.mp3 */ = {isa = PBXFileReference; lastKnownFileType = audio.mp3; path = click.mp3; sourceTree = "<group>"; };
		0349A9C913081A8100411EA7 /* menu_scene.c */ = {isa = PBXFileReference; fileEncoding = 4; lastKnownFileType = sourcecode.c.c; path = menu_scene.c; sourceTree = "<group>"; };
		0349A9CA13081A8100411EA7 /* menu_scene.h */ = {isa = PBXFileReference; fileEncoding = 4; lastKnownFileType = sourcecode.c.h; path = menu_scene.h; sourceTree = "<group>"; };
		0349A9CB13081A8100411EA7 /* startup_scene.c */ = {isa = PBXFileReference; fileEncoding = 4; lastKnownFileType = sourcecode.c.c; path = startup_scene.c; sourceTree = "<group>"; };
		0349A9CC13081A8100411EA7 /* startup_scene.h */ = {isa = PBXFileReference; fileEncoding = 4; lastKnownFileType = sourcecode.c.h; path = startup_scene.h; sourceTree = "<group>"; };
		034D2E571301CB84004A32A0 /* c4ViewController.xib */ = {isa = PBXFileReference; lastKnownFileType = file.xib; path = c4ViewController.xib; sourceTree = "<group>"; };
		034D2E581301CB84004A32A0 /* MainWindow.xib */ = {isa = PBXFileReference; lastKnownFileType = file.xib; path = MainWindow.xib; sourceTree = "<group>"; };
		034D2E591301CB84004A32A0 /* menu_back.png */ = {isa = PBXFileReference; lastKnownFileType = image.png; path = menu_back.png; sourceTree = "<group>"; };
		034D2E5A1301CB84004A32A0 /* minyx_bw.png */ = {isa = PBXFileReference; lastKnownFileType = image.png; path = minyx_bw.png; sourceTree = "<group>"; };
		038A8254130BCA9100A4D4F0 /* le_pause_scene.h */ = {isa = PBXFileReference; fileEncoding = 4; lastKnownFileType = sourcecode.c.h; path = le_pause_scene.h; sourceTree = "<group>"; };
		038A8255130BCA9100A4D4F0 /* le_pause_scene.c */ = {isa = PBXFileReference; fileEncoding = 4; lastKnownFileType = sourcecode.c.c; path = le_pause_scene.c; sourceTree = "<group>"; };
		0397C9911301CBD600FCB95C /* README */ = {isa = PBXFileReference; fileEncoding = 4; lastKnownFileType = text; path = README; sourceTree = "<group>"; };
		0397C9D1130299AE00FCB95C /* bubbles.png */ = {isa = PBXFileReference; lastKnownFileType = image.png; path = bubbles.png; sourceTree = "<group>"; };
		0397CA311302A07E00FCB95C /* impact20_0.png */ = {isa = PBXFileReference; lastKnownFileType = image.png; path = impact20_0.png; sourceTree = "<group>"; };
		0397CA321302A07E00FCB95C /* impact20.fnt */ = {isa = PBXFileReference; fileEncoding = 4; lastKnownFileType = text; path = impact20.fnt; sourceTree = "<group>"; };
		03A2593B1302B7FE00C30AEE /* TODO */ = {isa = PBXFileReference; fileEncoding = 4; lastKnownFileType = text; path = TODO; sourceTree = "<group>"; };
		1D30AB110D05D00D00671497 /* Foundation.framework */ = {isa = PBXFileReference; lastKnownFileType = wrapper.framework; name = Foundation.framework; path = System/Library/Frameworks/Foundation.framework; sourceTree = SDKROOT; };
		1D3623240D0F684500981E51 /* c4AppDelegate.h */ = {isa = PBXFileReference; fileEncoding = 4; lastKnownFileType = sourcecode.c.h; path = c4AppDelegate.h; sourceTree = "<group>"; };
		1D3623250D0F684500981E51 /* c4AppDelegate.m */ = {isa = PBXFileReference; fileEncoding = 4; lastKnownFileType = sourcecode.c.objc; path = c4AppDelegate.m; sourceTree = "<group>"; };
		1D6058910D05DD3D006BFB54 /* c4.app */ = {isa = PBXFileReference; explicitFileType = wrapper.application; includeInIndex = 0; path = c4.app; sourceTree = BUILT_PRODUCTS_DIR; };
		1DF5F4DF0D08C38300B7A737 /* UIKit.framework */ = {isa = PBXFileReference; lastKnownFileType = wrapper.framework; name = UIKit.framework; path = System/Library/Frameworks/UIKit.framework; sourceTree = SDKROOT; };
		2514C27910084DCA00A42282 /* Shader.fsh */ = {isa = PBXFileReference; fileEncoding = 4; lastKnownFileType = sourcecode.glsl; name = Shader.fsh; path = Shaders/Shader.fsh; sourceTree = "<group>"; };
		2514C27A10084DCA00A42282 /* Shader.vsh */ = {isa = PBXFileReference; fileEncoding = 4; lastKnownFileType = sourcecode.glsl; name = Shader.vsh; path = Shaders/Shader.vsh; sourceTree = "<group>"; };
		28EC4C5611D54ECE0027AA9F /* c4ViewController.h */ = {isa = PBXFileReference; fileEncoding = 4; lastKnownFileType = sourcecode.c.h; path = c4ViewController.h; sourceTree = "<group>"; };
		28EC4C5711D54ECE0027AA9F /* c4ViewController.m */ = {isa = PBXFileReference; fileEncoding = 4; lastKnownFileType = sourcecode.c.objc; path = c4ViewController.m; sourceTree = "<group>"; };
		28FD14FC0DC6FC130079059D /* EAGLView.h */ = {isa = PBXFileReference; fileEncoding = 4; lastKnownFileType = sourcecode.c.h; path = EAGLView.h; sourceTree = "<group>"; };
		28FD14FD0DC6FC130079059D /* EAGLView.m */ = {isa = PBXFileReference; fileEncoding = 4; lastKnownFileType = sourcecode.c.objc; path = EAGLView.m; sourceTree = "<group>"; };
		28FD14FF0DC6FC520079059D /* OpenGLES.framework */ = {isa = PBXFileReference; lastKnownFileType = wrapper.framework; name = OpenGLES.framework; path = System/Library/Frameworks/OpenGLES.framework; sourceTree = SDKROOT; };
		28FD15070DC6FC5B0079059D /* QuartzCore.framework */ = {isa = PBXFileReference; lastKnownFileType = wrapper.framework; name = QuartzCore.framework; path = System/Library/Frameworks/QuartzCore.framework; sourceTree = SDKROOT; };
		29B97316FDCFA39411CA2CEA /* main.m */ = {isa = PBXFileReference; fileEncoding = 4; lastKnownFileType = sourcecode.c.objc; path = main.m; sourceTree = "<group>"; };
		32CA4F630368D1EE00C91783 /* c4_Prefix.pch */ = {isa = PBXFileReference; fileEncoding = 4; lastKnownFileType = sourcecode.c.h; path = c4_Prefix.pch; sourceTree = "<group>"; };
/* End PBXFileReference section */

/* Begin PBXFrameworksBuildPhase section */
		1D60588F0D05DD3D006BFB54 /* Frameworks */ = {
			isa = PBXFrameworksBuildPhase;
			buildActionMask = 2147483647;
			files = (
				1D60589F0D05DD5A006BFB54 /* Foundation.framework in Frameworks */,
				1DF5F4E00D08C38300B7A737 /* UIKit.framework in Frameworks */,
				28FD15000DC6FC520079059D /* OpenGLES.framework in Frameworks */,
				28FD15080DC6FC5B0079059D /* QuartzCore.framework in Frameworks */,
				0308B7A71304643A0083D624 /* CoreGraphics.framework in Frameworks */,
				0308B7C1130464460083D624 /* libz.dylib in Frameworks */,
				0349A7FE1307FB9700411EA7 /* OpenAL.framework in Frameworks */,
				0349A8021307FBA500411EA7 /* AudioToolbox.framework in Frameworks */,
				0349A8061307FBA500411EA7 /* AVFoundation.framework in Frameworks */,
			);
			runOnlyForDeploymentPostprocessing = 0;
		};
/* End PBXFrameworksBuildPhase section */

/* Begin PBXGroup section */
		034372B31308370700925536 /* libelite */ = {
			isa = PBXGroup;
			children = (
				034375CF1309700A00925536 /* systems */,
				0343754D13095CE800925536 /* components */,
				034373591308386A00925536 /* audio */,
				034372BC1308370700925536 /* ext */,
				0343735C130838A200925536 /* gameloop */,
				0343735A1308387400925536 /* graphics */,
				0343735B1308389100925536 /* input */,
				0343735D130838AE00925536 /* util */,
				034372BA1308370700925536 /* elite.c */,
				034372BB1308370700925536 /* elite.h */,
				034372F41308370700925536 /* sys_config.c */,
				034372F51308370700925536 /* sys_config.h */,
				0343755713095E2100925536 /* le_types.h */,
			);
			path = libelite;
			sourceTree = "<group>";
		};
		034372BC1308370700925536 /* ext */ = {
			isa = PBXGroup;
			children = (
				034372BD1308370700925536 /* CocosDenshion */,
				034372C71308370700925536 /* Particle Emitter */,
				034372D61308370700925536 /* SOIL_iPhone */,
			);
			path = ext;
			sourceTree = "<group>";
		};
		034372BD1308370700925536 /* CocosDenshion */ = {
			isa = PBXGroup;
			children = (
				034372BE1308370700925536 /* CDAudioManager.h */,
				034372BF1308370700925536 /* CDAudioManager.m */,
				034372C01308370700925536 /* CDConfig.h */,
				034372C11308370700925536 /* CDOpenALSupport.h */,
				034372C21308370700925536 /* CDOpenALSupport.m */,
				034372C31308370700925536 /* CocosDenshion.h */,
				034372C41308370700925536 /* CocosDenshion.m */,
				034372C51308370700925536 /* SimpleAudioEngine.h */,
				034372C61308370700925536 /* SimpleAudioEngine.m */,
			);
			path = CocosDenshion;
			sourceTree = "<group>";
		};
		034372C71308370700925536 /* Particle Emitter */ = {
			isa = PBXGroup;
			children = (
				034372C81308370700925536 /* Global.h */,
				034372C91308370700925536 /* OBJCTexture2D.h */,
				034372CA1308370700925536 /* OBJCTexture2D.m */,
				034372CB1308370700925536 /* ParticleEmitter.h */,
				034372CC1308370700925536 /* ParticleEmitter.m */,
				034372CD1308370700925536 /* Structures.h */,
				034372CE1308370700925536 /* TBXML */,
				034372D31308370700925536 /* TBXMLParticleAdditions.h */,
				034372D41308370700925536 /* TBXMLParticleAdditions.m */,
				034372D51308370700925536 /* WHATS_THIS */,
			);
			path = "Particle Emitter";
			sourceTree = "<group>";
		};
		034372CE1308370700925536 /* TBXML */ = {
			isa = PBXGroup;
			children = (
				034372CF1308370700925536 /* NSDataAdditions.h */,
				034372D01308370700925536 /* NSDataAdditions.m */,
				034372D11308370700925536 /* TBXML.h */,
				034372D21308370700925536 /* TBXML.m */,
			);
			path = TBXML;
			sourceTree = "<group>";
		};
		034372D61308370700925536 /* SOIL_iPhone */ = {
			isa = PBXGroup;
			children = (
				034372D71308370700925536 /* image_DXT.h */,
				034372D81308370700925536 /* image_DXT.mm */,
				034372D91308370700925536 /* image_helper.h */,
				034372DA1308370700925536 /* image_helper.mm */,
				034372DB1308370700925536 /* SOIL.h */,
				034372DC1308370700925536 /* SOIL.mm */,
				034372DD1308370700925536 /* stb_image_aug.h */,
				034372DE1308370700925536 /* stb_image_aug.mm */,
				034372DF1308370700925536 /* stbi_DDS_aug.h */,
				034372E01308370700925536 /* stbi_DDS_aug_c.h */,
			);
			path = SOIL_iPhone;
			sourceTree = "<group>";
		};
		034373591308386A00925536 /* audio */ = {
			isa = PBXGroup;
			children = (
				034372B61308370700925536 /* audio.h */,
				034372B71308370700925536 /* audio.m */,
			);
			name = audio;
			sourceTree = "<group>";
		};
		0343735A1308387400925536 /* graphics */ = {
			isa = PBXGroup;
			children = (
				034372B41308370700925536 /* atlas_quad.c */,
				034372B51308370700925536 /* atlas_quad.h */,
				034372B81308370700925536 /* bm_font.c */,
				034372B91308370700925536 /* bm_font.h */,
				034372E11308370700925536 /* font.c */,
				034372E21308370700925536 /* font.h */,
				034372E91308370700925536 /* ogl.h */,
				034372EA1308370700925536 /* particle_emitter.h */,
				034372EB1308370700925536 /* particle_emitter.m */,
				034372EC1308370700925536 /* quad.c */,
				034372ED1308370700925536 /* quad.h */,
				034372EE1308370700925536 /* renderer.c */,
				034372EF1308370700925536 /* renderer.h */,
				034372F01308370700925536 /* renderinfo.c */,
				034372F11308370700925536 /* renderinfo.h */,
				034372F61308370700925536 /* texture.c */,
				034372F71308370700925536 /* texture.h */,
			);
			name = graphics;
			sourceTree = "<group>";
		};
		0343735B1308389100925536 /* input */ = {
			isa = PBXGroup;
			children = (
				034372E71308370700925536 /* input.c */,
				034372E81308370700925536 /* input.h */,
			);
			name = input;
			sourceTree = "<group>";
		};
		0343735C130838A200925536 /* gameloop */ = {
			isa = PBXGroup;
			children = (
				034372E31308370700925536 /* game.c */,
				034372E41308370700925536 /* game.h */,
				034372F21308370700925536 /* scene.c */,
				034372F31308370700925536 /* scene.h */,
				038A8254130BCA9100A4D4F0 /* le_pause_scene.h */,
				038A8255130BCA9100A4D4F0 /* le_pause_scene.c */,
			);
			name = gameloop;
			sourceTree = "<group>";
		};
		0343735D130838AE00925536 /* util */ = {
			isa = PBXGroup;
			children = (
				034372E51308370700925536 /* hash.c */,
				034372E61308370700925536 /* hash.h */,
				034372F81308370700925536 /* timer.c */,
				034372F91308370700925536 /* timer.h */,
				034372FA1308370700925536 /* util.h */,
				034372FB1308370700925536 /* util.m */,
				034372FC1308370700925536 /* vec2d.c */,
				034372FD1308370700925536 /* vec2d.h */,
			);
			name = util;
			sourceTree = "<group>";
		};
		0343738513083B3500925536 /* test_game */ = {
			isa = PBXGroup;
			children = (
				0349A9C913081A8100411EA7 /* menu_scene.c */,
				0349A9CA13081A8100411EA7 /* menu_scene.h */,
				0349A9CB13081A8100411EA7 /* startup_scene.c */,
				0349A9CC13081A8100411EA7 /* startup_scene.h */,
			);
			name = test_game;
			sourceTree = "<group>";
		};
		0343754D13095CE800925536 /* components */ = {
			isa = PBXGroup;
			children = (
				0343754E13095CFB00925536 /* component.h */,
				0343754F13095CFB00925536 /* component.c */,
				0343755113095D1500925536 /* entity.h */,
				0343755213095D1500925536 /* entity.c */,
				0343755413095D2D00925536 /* entity_manager.h */,
				0343755513095D2D00925536 /* entity_manager.c */,
			);
			name = components;
			sourceTree = "<group>";
		};
		034375CF1309700A00925536 /* systems */ = {
			isa = PBXGroup;
			children = (
				0343795D130A812900925536 /* garbage_system */,
				0343784B13099A4600925536 /* particle_system */,
				0343766A130981D900925536 /* position_system */,
				034375D01309700F00925536 /* render_system */,
			);
			name = systems;
			sourceTree = "<group>";
		};
		034375D01309700F00925536 /* render_system */ = {
			isa = PBXGroup;
			children = (
				034375D11309702300925536 /* render_system.h */,
				034375D21309702300925536 /* render_system.c */,
				034375D81309712F00925536 /* comp_renderable.h */,
				034375D91309712F00925536 /* comp_renderable.c */,
			);
			name = render_system;
			sourceTree = "<group>";
		};
		0343766A130981D900925536 /* position_system */ = {
			isa = PBXGroup;
			children = (
				0343766B130981E600925536 /* comp_position.h */,
				0343766C130981E600925536 /* comp_position.c */,
			);
			name = position_system;
			sourceTree = "<group>";
		};
		0343784B13099A4600925536 /* particle_system */ = {
			isa = PBXGroup;
			children = (
				0343784C13099A4F00925536 /* particle_system.h */,
				0343784D13099A4F00925536 /* particle_system.c */,
			);
			name = particle_system;
			sourceTree = "<group>";
		};
		0343795D130A812900925536 /* garbage_system */ = {
			isa = PBXGroup;
			children = (
				0343795E130A814500925536 /* garbage_system.h */,
				0343795F130A814500925536 /* garbage_system.c */,
			);
			name = garbage_system;
			sourceTree = "<group>";
		};
		034D2E561301CB84004A32A0 /* Resources */ = {
			isa = PBXGroup;
			children = (
				034375231308556C00925536 /* tss.pex */,
				034374EA1308545500925536 /* cool.pex */,
				0349A8E813080AAA00411EA7 /* click.mp3 */,
				0349A8E113080A9000411EA7 /* music.mp3 */,
				0308B7CE1304661E0083D624 /* stars.pex */,
				034374F3130854A300925536 /* vortex.pex */,
				0397CA311302A07E00FCB95C /* impact20_0.png */,
				0397CA321302A07E00FCB95C /* impact20.fnt */,
				0397C9D1130299AE00FCB95C /* bubbles.png */,
				034D2E571301CB84004A32A0 /* c4ViewController.xib */,
				034D2E581301CB84004A32A0 /* MainWindow.xib */,
				034D2E591301CB84004A32A0 /* menu_back.png */,
				034D2E5A1301CB84004A32A0 /* minyx_bw.png */,
				0308B837130554870083D624 /* sysconfig */,
			);
			path = Resources;
			sourceTree = "<group>";
		};
		080E96DDFE201D6D7F000001 /* Classes */ = {
			isa = PBXGroup;
			children = (
				0343738513083B3500925536 /* test_game */,
				034372B31308370700925536 /* libelite */,
				28FD14FC0DC6FC130079059D /* EAGLView.h */,
				28FD14FD0DC6FC130079059D /* EAGLView.m */,
				1D3623240D0F684500981E51 /* c4AppDelegate.h */,
				1D3623250D0F684500981E51 /* c4AppDelegate.m */,
				28EC4C5611D54ECE0027AA9F /* c4ViewController.h */,
				28EC4C5711D54ECE0027AA9F /* c4ViewController.m */,
			);
			path = Classes;
			sourceTree = "<group>";
		};
		19C28FACFE9D520D11CA2CBB /* Products */ = {
			isa = PBXGroup;
			children = (
				1D6058910D05DD3D006BFB54 /* c4.app */,
			);
			name = Products;
			sourceTree = "<group>";
		};
		2514C27610084DB600A42282 /* Shaders */ = {
			isa = PBXGroup;
			children = (
				2514C27910084DCA00A42282 /* Shader.fsh */,
				2514C27A10084DCA00A42282 /* Shader.vsh */,
			);
			name = Shaders;
			sourceTree = "<group>";
		};
		29B97314FDCFA39411CA2CEA /* CustomTemplate */ = {
			isa = PBXGroup;
			children = (
				0397C9911301CBD600FCB95C /* README */,
				03A2593B1302B7FE00C30AEE /* TODO */,
				080E96DDFE201D6D7F000001 /* Classes */,
				2514C27610084DB600A42282 /* Shaders */,
				29B97315FDCFA39411CA2CEA /* Other Sources */,
				034D2E561301CB84004A32A0 /* Resources */,
				29B97323FDCFA39411CA2CEA /* Frameworks */,
				19C28FACFE9D520D11CA2CBB /* Products */,
				0308B7C0130464460083D624 /* libz.dylib */,
			);
			name = CustomTemplate;
			sourceTree = "<group>";
		};
		29B97315FDCFA39411CA2CEA /* Other Sources */ = {
			isa = PBXGroup;
			children = (
				32CA4F630368D1EE00C91783 /* c4_Prefix.pch */,
				29B97316FDCFA39411CA2CEA /* main.m */,
			);
			name = "Other Sources";
			sourceTree = "<group>";
		};
		29B97323FDCFA39411CA2CEA /* Frameworks */ = {
			isa = PBXGroup;
			children = (
				28FD15070DC6FC5B0079059D /* QuartzCore.framework */,
				28FD14FF0DC6FC520079059D /* OpenGLES.framework */,
				1DF5F4DF0D08C38300B7A737 /* UIKit.framework */,
				1D30AB110D05D00D00671497 /* Foundation.framework */,
				0308B7A61304643A0083D624 /* CoreGraphics.framework */,
				0349A7FD1307FB9700411EA7 /* OpenAL.framework */,
				0349A8011307FBA500411EA7 /* AudioToolbox.framework */,
				0349A8051307FBA500411EA7 /* AVFoundation.framework */,
			);
			name = Frameworks;
			sourceTree = "<group>";
		};
/* End PBXGroup section */

/* Begin PBXNativeTarget section */
		1D6058900D05DD3D006BFB54 /* c4 */ = {
			isa = PBXNativeTarget;
			buildConfigurationList = 1D6058960D05DD3E006BFB54 /* Build configuration list for PBXNativeTarget "c4" */;
			buildPhases = (
				1D60588D0D05DD3D006BFB54 /* Resources */,
				1D60588E0D05DD3D006BFB54 /* Sources */,
				1D60588F0D05DD3D006BFB54 /* Frameworks */,
			);
			buildRules = (
			);
			dependencies = (
			);
			name = c4;
			productName = c4;
			productReference = 1D6058910D05DD3D006BFB54 /* c4.app */;
			productType = "com.apple.product-type.application";
		};
/* End PBXNativeTarget section */

/* Begin PBXProject section */
		29B97313FDCFA39411CA2CEA /* Project object */ = {
			isa = PBXProject;
			buildConfigurationList = C01FCF4E08A954540054247B /* Build configuration list for PBXProject "c4" */;
			compatibilityVersion = "Xcode 3.1";
			developmentRegion = English;
			hasScannedForEncodings = 1;
			knownRegions = (
				English,
				Japanese,
				French,
				German,
			);
			mainGroup = 29B97314FDCFA39411CA2CEA /* CustomTemplate */;
			projectDirPath = "";
			projectRoot = "";
			targets = (
				1D6058900D05DD3D006BFB54 /* c4 */,
			);
		};
/* End PBXProject section */

/* Begin PBXResourcesBuildPhase section */
		1D60588D0D05DD3D006BFB54 /* Resources */ = {
			isa = PBXResourcesBuildPhase;
			buildActionMask = 2147483647;
			files = (
				2514C27B10084DCA00A42282 /* Shader.fsh in Resources */,
				2514C27C10084DCA00A42282 /* Shader.vsh in Resources */,
				034D2E5B1301CB84004A32A0 /* c4ViewController.xib in Resources */,
				034D2E5C1301CB84004A32A0 /* MainWindow.xib in Resources */,
				034D2E5D1301CB84004A32A0 /* menu_back.png in Resources */,
				034D2E5E1301CB84004A32A0 /* minyx_bw.png in Resources */,
				0397C9921301CBD600FCB95C /* README in Resources */,
				0397C9D2130299AE00FCB95C /* bubbles.png in Resources */,
				0397CA331302A07E00FCB95C /* impact20_0.png in Resources */,
				0397CA341302A07E00FCB95C /* impact20.fnt in Resources */,
				03A2593C1302B7FE00C30AEE /* TODO in Resources */,
				0308B7CF1304661E0083D624 /* stars.pex in Resources */,
				0308B838130554870083D624 /* sysconfig in Resources */,
				0349A8E213080A9000411EA7 /* music.mp3 in Resources */,
				0349A8E913080AAA00411EA7 /* click.mp3 in Resources */,
				0343730B1308370700925536 /* WHATS_THIS in Resources */,
				034374EB1308545500925536 /* cool.pex in Resources */,
				034374F4130854A300925536 /* vortex.pex in Resources */,
				034375241308556C00925536 /* tss.pex in Resources */,
			);
			runOnlyForDeploymentPostprocessing = 0;
		};
/* End PBXResourcesBuildPhase section */

/* Begin PBXSourcesBuildPhase section */
		1D60588E0D05DD3D006BFB54 /* Sources */ = {
			isa = PBXSourcesBuildPhase;
			buildActionMask = 2147483647;
			files = (
				1D60589B0D05DD56006BFB54 /* main.m in Sources */,
				1D3623260D0F684500981E51 /* c4AppDelegate.m in Sources */,
				28FD14FE0DC6FC130079059D /* EAGLView.m in Sources */,
				28EC4C5911D54ECE0027AA9F /* c4ViewController.m in Sources */,
				0349A9CD13081A8100411EA7 /* menu_scene.c in Sources */,
				0349A9CE13081A8100411EA7 /* startup_scene.c in Sources */,
				034372FE1308370700925536 /* atlas_quad.c in Sources */,
				034372FF1308370700925536 /* audio.m in Sources */,
				034373001308370700925536 /* bm_font.c in Sources */,
				034373011308370700925536 /* elite.c in Sources */,
				034373021308370700925536 /* CDAudioManager.m in Sources */,
				034373031308370700925536 /* CDOpenALSupport.m in Sources */,
				034373041308370700925536 /* CocosDenshion.m in Sources */,
				034373051308370700925536 /* SimpleAudioEngine.m in Sources */,
				034373061308370700925536 /* OBJCTexture2D.m in Sources */,
				034373071308370700925536 /* ParticleEmitter.m in Sources */,
				034373081308370700925536 /* NSDataAdditions.m in Sources */,
				034373091308370700925536 /* TBXML.m in Sources */,
				0343730A1308370700925536 /* TBXMLParticleAdditions.m in Sources */,
				0343730C1308370700925536 /* image_DXT.mm in Sources */,
				0343730D1308370700925536 /* image_helper.mm in Sources */,
				0343730E1308370700925536 /* SOIL.mm in Sources */,
				0343730F1308370700925536 /* stb_image_aug.mm in Sources */,
				034373101308370700925536 /* font.c in Sources */,
				034373111308370700925536 /* game.c in Sources */,
				034373121308370700925536 /* hash.c in Sources */,
				034373131308370700925536 /* input.c in Sources */,
				034373141308370700925536 /* particle_emitter.m in Sources */,
				034373151308370700925536 /* quad.c in Sources */,
				034373161308370700925536 /* renderer.c in Sources */,
				034373171308370700925536 /* renderinfo.c in Sources */,
				034373181308370700925536 /* scene.c in Sources */,
				034373191308370700925536 /* sys_config.c in Sources */,
				0343731A1308370700925536 /* texture.c in Sources */,
				0343731B1308370700925536 /* timer.c in Sources */,
				0343731C1308370700925536 /* util.m in Sources */,
				0343731D1308370700925536 /* vec2d.c in Sources */,
				0343755013095CFB00925536 /* component.c in Sources */,
				0343755313095D1500925536 /* entity.c in Sources */,
				0343755613095D2D00925536 /* entity_manager.c in Sources */,
				034375D31309702300925536 /* render_system.c in Sources */,
				034375DA1309712F00925536 /* comp_renderable.c in Sources */,
				0343766D130981E600925536 /* comp_position.c in Sources */,
				0343784E13099A4F00925536 /* particle_system.c in Sources */,
				03437960130A814500925536 /* garbage_system.c in Sources */,
				038A8256130BCA9100A4D4F0 /* le_pause_scene.c in Sources */,
			);
			runOnlyForDeploymentPostprocessing = 0;
		};
/* End PBXSourcesBuildPhase section */

/* Begin XCBuildConfiguration section */
		1D6058940D05DD3E006BFB54 /* Debug */ = {
			isa = XCBuildConfiguration;
			buildSettings = {
				ALWAYS_SEARCH_USER_PATHS = NO;
				COPY_PHASE_STRIP = NO;
				GCC_DYNAMIC_NO_PIC = NO;
				GCC_OPTIMIZATION_LEVEL = 0;
				GCC_PRECOMPILE_PREFIX_HEADER = YES;
				GCC_PREFIX_HEADER = c4_Prefix.pch;
				"GCC_THUMB_SUPPORT[arch=armv6]" = "";
				INFOPLIST_FILE = "c4-Info.plist";
				PRODUCT_NAME = c4;
			};
			name = Debug;
		};
		1D6058950D05DD3E006BFB54 /* Release */ = {
			isa = XCBuildConfiguration;
			buildSettings = {
				ALWAYS_SEARCH_USER_PATHS = NO;
				COPY_PHASE_STRIP = YES;
				GCC_PRECOMPILE_PREFIX_HEADER = YES;
				GCC_PREFIX_HEADER = c4_Prefix.pch;
				"GCC_THUMB_SUPPORT[arch=armv6]" = "";
				INFOPLIST_FILE = "c4-Info.plist";
				PRODUCT_NAME = c4;
				VALIDATE_PRODUCT = YES;
			};
			name = Release;
		};
		C01FCF4F08A954540054247B /* Debug */ = {
			isa = XCBuildConfiguration;
			buildSettings = {
				ARCHS = "$(ARCHS_STANDARD_32_BIT)";
				"CODE_SIGN_IDENTITY[sdk=iphoneos*]" = "iPhone Developer";
				GCC_AUTO_VECTORIZATION = YES;
				GCC_C_LANGUAGE_STANDARD = c99;
				GCC_OPTIMIZATION_LEVEL = 3;
				GCC_PREPROCESSOR_DEFINITIONS = LE_TARGET_IPHONE;
				"GCC_THUMB_SUPPORT[arch=armv6]" = NO;
				"GCC_THUMB_SUPPORT[arch=armv7]" = YES;
				GCC_VERSION = com.apple.compilers.llvm.clang.1_0;
				GCC_WARN_ABOUT_RETURN_TYPE = YES;
				GCC_WARN_UNUSED_VARIABLE = YES;
				LLVM_LTO = NO;
				PREBINDING = NO;
				"PROVISIONING_PROFILE[sdk=iphoneos*]" = "";
				SDKROOT = iphoneos;
			};
			name = Debug;
		};
		C01FCF5008A954540054247B /* Release */ = {
			isa = XCBuildConfiguration;
			buildSettings = {
				ARCHS = "$(ARCHS_STANDARD_32_BIT)";
				"CODE_SIGN_IDENTITY[sdk=iphoneos*]" = "iPhone Developer";
				GCC_AUTO_VECTORIZATION = YES;
				GCC_C_LANGUAGE_STANDARD = c99;
				GCC_OPTIMIZATION_LEVEL = 3;
				GCC_PREPROCESSOR_DEFINITIONS = LE_TARGET_IPHONE;
				"GCC_THUMB_SUPPORT[arch=armv6]" = NO;
				"GCC_THUMB_SUPPORT[arch=armv7]" = YES;
				GCC_UNROLL_LOOPS = YES;
				GCC_VERSION = com.apple.compilers.llvmgcc42;
				GCC_WARN_ABOUT_RETURN_TYPE = YES;
				GCC_WARN_UNUSED_VARIABLE = YES;
				LLVM_LTO = YES;
				OTHER_CFLAGS = "-DNS_BLOCK_ASSERTIONS=1";
				PREBINDING = NO;
				"PROVISIONING_PROFILE[sdk=iphoneos*]" = "";
				SDKROOT = iphoneos;
			};
			name = Release;
		};
/* End XCBuildConfiguration section */

/* Begin XCConfigurationList section */
		1D6058960D05DD3E006BFB54 /* Build configuration list for PBXNativeTarget "c4" */ = {
			isa = XCConfigurationList;
			buildConfigurations = (
				1D6058940D05DD3E006BFB54 /* Debug */,
				1D6058950D05DD3E006BFB54 /* Release */,
			);
			defaultConfigurationIsVisible = 0;
			defaultConfigurationName = Release;
		};
		C01FCF4E08A954540054247B /* Build configuration list for PBXProject "c4" */ = {
			isa = XCConfigurationList;
			buildConfigurations = (
				C01FCF4F08A954540054247B /* Debug */,
				C01FCF5008A954540054247B /* Release */,
			);
			defaultConfigurationIsVisible = 0;
			defaultConfigurationName = Release;
		};
/* End XCConfigurationList section */
	};
	rootObject = 29B97313FDCFA39411CA2CEA /* Project object */;
}
